
Microsoft Visual Studio Solution File, Format Version 12.00
# Visual Studio 15
VisualStudioVersion = 15.0.28307.572
MinimumVisualStudioVersion = 10.0.40219.1
Project("{9A19103F-16F7-4668-BE54-9A1E7A4F7556}") = "EVF.Api", "EVF.Api\EVF.Api.csproj", "{EA91446A-F9E0-4482-90EE-0C11FDA84A88}"
EndProject
Project("{9A19103F-16F7-4668-BE54-9A1E7A4F7556}") = "EVF.Data", "EVF.Data\EVF.Data.csproj", "{469B6EFA-6BA7-4521-9A9C-592A6BD6F2BA}"
EndProject
Project("{9A19103F-16F7-4668-BE54-9A1E7A4F7556}") = "EVF.Helper", "EVF.Helper\EVF.Helper.csproj", "{1409AAC8-79A9-4E5F-BCAF-F2725D2C9EE0}"
EndProject
Project("{9A19103F-16F7-4668-BE54-9A1E7A4F7556}") = "EVF.UnitTest", "EVF.UnitTest\EVF.UnitTest.csproj", "{341A1D3B-C373-44A6-AC88-40A6863B7B9B}"
EndProject
Project("{2150E333-8FDC-42A3-9474-1A3956D46DE8}") = "EVF.Bll", "EVF.Bll", "{BE1871D8-D6CA-4A47-A2F9-9C5DB00E3CD8}"
EndProject
Project("{9A19103F-16F7-4668-BE54-9A1E7A4F7556}") = "EVF.CentralSetting.Bll", "EVF.CentralSetting.Bll\EVF.CentralSetting.Bll.csproj", "{27C5419F-AD7B-4914-88DF-4E168A098571}"
EndProject
Project("{9A19103F-16F7-4668-BE54-9A1E7A4F7556}") = "EVF.Authorization.Bll", "EVF.Authorization.Bll\EVF.Authorization.Bll.csproj", "{90B7B72D-9CF7-4523-96F5-3ED3AF26385E}"
EndProject
Project("{9A19103F-16F7-4668-BE54-9A1E7A4F7556}") = "EVF.Master.Bll", "EVF.Master.Bll\EVF.Master.Bll.csproj", "{2FDDB323-D04B-4345-A1BC-55246F0E7ADC}"
EndProject
Project("{FAE04EC0-301F-11D3-BF4B-00C04F79EFBC}") = "EVF.Hr.Bll", "EVF.Hr.Bll\EVF.Hr.Bll.csproj", "{B929F945-B5A7-4748-B35F-3269E01E6F0C}"
EndProject
Global
	GlobalSection(SolutionConfigurationPlatforms) = preSolution
		Debug|Any CPU = Debug|Any CPU
		Release|Any CPU = Release|Any CPU
	EndGlobalSection
	GlobalSection(ProjectConfigurationPlatforms) = postSolution
		{EA91446A-F9E0-4482-90EE-0C11FDA84A88}.Debug|Any CPU.ActiveCfg = Debug|Any CPU
		{EA91446A-F9E0-4482-90EE-0C11FDA84A88}.Debug|Any CPU.Build.0 = Debug|Any CPU
		{EA91446A-F9E0-4482-90EE-0C11FDA84A88}.Release|Any CPU.ActiveCfg = Release|Any CPU
		{EA91446A-F9E0-4482-90EE-0C11FDA84A88}.Release|Any CPU.Build.0 = Release|Any CPU
		{469B6EFA-6BA7-4521-9A9C-592A6BD6F2BA}.Debug|Any CPU.ActiveCfg = Debug|Any CPU
		{469B6EFA-6BA7-4521-9A9C-592A6BD6F2BA}.Debug|Any CPU.Build.0 = Debug|Any CPU
		{469B6EFA-6BA7-4521-9A9C-592A6BD6F2BA}.Release|Any CPU.ActiveCfg = Release|Any CPU
		{469B6EFA-6BA7-4521-9A9C-592A6BD6F2BA}.Release|Any CPU.Build.0 = Release|Any CPU
		{1409AAC8-79A9-4E5F-BCAF-F2725D2C9EE0}.Debug|Any CPU.ActiveCfg = Debug|Any CPU
		{1409AAC8-79A9-4E5F-BCAF-F2725D2C9EE0}.Debug|Any CPU.Build.0 = Debug|Any CPU
		{1409AAC8-79A9-4E5F-BCAF-F2725D2C9EE0}.Release|Any CPU.ActiveCfg = Release|Any CPU
		{1409AAC8-79A9-4E5F-BCAF-F2725D2C9EE0}.Release|Any CPU.Build.0 = Release|Any CPU
		{341A1D3B-C373-44A6-AC88-40A6863B7B9B}.Debug|Any CPU.ActiveCfg = Debug|Any CPU
		{341A1D3B-C373-44A6-AC88-40A6863B7B9B}.Debug|Any CPU.Build.0 = Debug|Any CPU
		{341A1D3B-C373-44A6-AC88-40A6863B7B9B}.Release|Any CPU.ActiveCfg = Release|Any CPU
		{341A1D3B-C373-44A6-AC88-40A6863B7B9B}.Release|Any CPU.Build.0 = Release|Any CPU
		{27C5419F-AD7B-4914-88DF-4E168A098571}.Debug|Any CPU.ActiveCfg = Debug|Any CPU
		{27C5419F-AD7B-4914-88DF-4E168A098571}.Debug|Any CPU.Build.0 = Debug|Any CPU
		{27C5419F-AD7B-4914-88DF-4E168A098571}.Release|Any CPU.ActiveCfg = Release|Any CPU
		{27C5419F-AD7B-4914-88DF-4E168A098571}.Release|Any CPU.Build.0 = Release|Any CPU
		{90B7B72D-9CF7-4523-96F5-3ED3AF26385E}.Debug|Any CPU.ActiveCfg = Debug|Any CPU
		{90B7B72D-9CF7-4523-96F5-3ED3AF26385E}.Debug|Any CPU.Build.0 = Debug|Any CPU
		{90B7B72D-9CF7-4523-96F5-3ED3AF26385E}.Release|Any CPU.ActiveCfg = Release|Any CPU
		{90B7B72D-9CF7-4523-96F5-3ED3AF26385E}.Release|Any CPU.Build.0 = Release|Any CPU
		{2FDDB323-D04B-4345-A1BC-55246F0E7ADC}.Debug|Any CPU.ActiveCfg = Debug|Any CPU
		{2FDDB323-D04B-4345-A1BC-55246F0E7ADC}.Debug|Any CPU.Build.0 = Debug|Any CPU
		{2FDDB323-D04B-4345-A1BC-55246F0E7ADC}.Release|Any CPU.ActiveCfg = Release|Any CPU
		{2FDDB323-D04B-4345-A1BC-55246F0E7ADC}.Release|Any CPU.Build.0 = Release|Any CPU
		{B929F945-B5A7-4748-B35F-3269E01E6F0C}.Debug|Any CPU.ActiveCfg = Debug|Any CPU
		{B929F945-B5A7-4748-B35F-3269E01E6F0C}.Debug|Any CPU.Build.0 = Debug|Any CPU
		{B929F945-B5A7-4748-B35F-3269E01E6F0C}.Release|Any CPU.ActiveCfg = Release|Any CPU
		{B929F945-B5A7-4748-B35F-3269E01E6F0C}.Release|Any CPU.Build.0 = Release|Any CPU
	EndGlobalSection
	GlobalSection(SolutionProperties) = preSolution
		HideSolutionNode = FALSE
	EndGlobalSection
	GlobalSection(NestedProjects) = preSolution
		{27C5419F-AD7B-4914-88DF-4E168A098571} = {BE1871D8-D6CA-4A47-A2F9-9C5DB00E3CD8}
		{90B7B72D-9CF7-4523-96F5-3ED3AF26385E} = {BE1871D8-D6CA-4A47-A2F9-9C5DB00E3CD8}
		{2FDDB323-D04B-4345-A1BC-55246F0E7ADC} = {BE1871D8-D6CA-4A47-A2F9-9C5DB00E3CD8}
		{B929F945-B5A7-4748-B35F-3269E01E6F0C} = {BE1871D8-D6CA-4A47-A2F9-9C5DB00E3CD8}
	EndGlobalSection
	GlobalSection(ExtensibilityGlobals) = postSolution
		SolutionGuid = {942D11EA-8847-4919-9FF9-933895E1575B}
	EndGlobalSection
EndGlobal
