
Microsoft Visual Studio Solution File, Format Version 12.00
# Visual Studio 15
VisualStudioVersion = 15.0.28307.572
MinimumVisualStudioVersion = 10.0.40219.1
Project("{FAE04EC0-301F-11D3-BF4B-00C04F79EFBC}") = "EVF.Api", "EVF.Api\EVF.Api.csproj", "{EA91446A-F9E0-4482-90EE-0C11FDA84A88}"
EndProject
Project("{FAE04EC0-301F-11D3-BF4B-00C04F79EFBC}") = "EVF.Bll", "EVF.Bll\EVF.Bll.csproj", "{181B1114-BF61-43D4-8184-FAF7F5F2F333}"
EndProject
Project("{FAE04EC0-301F-11D3-BF4B-00C04F79EFBC}") = "EVF.Data", "EVF.Data\EVF.Data.csproj", "{469B6EFA-6BA7-4521-9A9C-592A6BD6F2BA}"
EndProject
Project("{FAE04EC0-301F-11D3-BF4B-00C04F79EFBC}") = "EVF.Helper", "EVF.Helper\EVF.Helper.csproj", "{1409AAC8-79A9-4E5F-BCAF-F2725D2C9EE0}"
EndProject
Project("{FAE04EC0-301F-11D3-BF4B-00C04F79EFBC}") = "EVF.UnitTest", "EVF.UnitTest\EVF.UnitTest.csproj", "{341A1D3B-C373-44A6-AC88-40A6863B7B9B}"
EndProject
Global
	GlobalSection(SolutionConfigurationPlatforms) = preSolution
		Debug|Any CPU = Debug|Any CPU
		Release|Any CPU = Release|Any CPU
	EndGlobalSection
	GlobalSection(ProjectConfigurationPlatforms) = postSolution
		{EA91446A-F9E0-4482-90EE-0C11FDA84A88}.Debug|Any CPU.ActiveCfg = Debug|Any CPU
		{EA91446A-F9E0-4482-90EE-0C11FDA84A88}.Debug|Any CPU.Build.0 = Debug|Any CPU
		{EA91446A-F9E0-4482-90EE-0C11FDA84A88}.Release|Any CPU.ActiveCfg = Release|Any CPU
		{EA91446A-F9E0-4482-90EE-0C11FDA84A88}.Release|Any CPU.Build.0 = Release|Any CPU
		{181B1114-BF61-43D4-8184-FAF7F5F2F333}.Debug|Any CPU.ActiveCfg = Debug|Any CPU
		{181B1114-BF61-43D4-8184-FAF7F5F2F333}.Debug|Any CPU.Build.0 = Debug|Any CPU
		{181B1114-BF61-43D4-8184-FAF7F5F2F333}.Release|Any CPU.ActiveCfg = Release|Any CPU
		{181B1114-BF61-43D4-8184-FAF7F5F2F333}.Release|Any CPU.Build.0 = Release|Any CPU
		{469B6EFA-6BA7-4521-9A9C-592A6BD6F2BA}.Debug|Any CPU.ActiveCfg = Debug|Any CPU
		{469B6EFA-6BA7-4521-9A9C-592A6BD6F2BA}.Debug|Any CPU.Build.0 = Debug|Any CPU
		{469B6EFA-6BA7-4521-9A9C-592A6BD6F2BA}.Release|Any CPU.ActiveCfg = Release|Any CPU
		{469B6EFA-6BA7-4521-9A9C-592A6BD6F2BA}.Release|Any CPU.Build.0 = Release|Any CPU
		{1409AAC8-79A9-4E5F-BCAF-F2725D2C9EE0}.Debug|Any CPU.ActiveCfg = Debug|Any CPU
		{1409AAC8-79A9-4E5F-BCAF-F2725D2C9EE0}.Debug|Any CPU.Build.0 = Debug|Any CPU
		{1409AAC8-79A9-4E5F-BCAF-F2725D2C9EE0}.Release|Any CPU.ActiveCfg = Release|Any CPU
		{1409AAC8-79A9-4E5F-BCAF-F2725D2C9EE0}.Release|Any CPU.Build.0 = Release|Any CPU
		{341A1D3B-C373-44A6-AC88-40A6863B7B9B}.Debug|Any CPU.ActiveCfg = Debug|Any CPU
		{341A1D3B-C373-44A6-AC88-40A6863B7B9B}.Debug|Any CPU.Build.0 = Debug|Any CPU
		{341A1D3B-C373-44A6-AC88-40A6863B7B9B}.Release|Any CPU.ActiveCfg = Release|Any CPU
		{341A1D3B-C373-44A6-AC88-40A6863B7B9B}.Release|Any CPU.Build.0 = Release|Any CPU
	EndGlobalSection
	GlobalSection(SolutionProperties) = preSolution
		HideSolutionNode = FALSE
	EndGlobalSection
	GlobalSection(ExtensibilityGlobals) = postSolution
		SolutionGuid = {942D11EA-8847-4919-9FF9-933895E1575B}
	EndGlobalSection
EndGlobal
